
Microsoft Visual Studio Solution File, Format Version 12.00
# Visual Studio Version 17
VisualStudioVersion = 17.13.35931.197 d17.13
MinimumVisualStudioVersion = 10.0.40219.1
Project("{FAE04EC0-301F-11D3-BF4B-00C04F79EFBC}") = "Ekzamen", "Ekzamen\Ekzamen.csproj", "{5415DD6A-AA3F-41E8-999C-61A25C18ECDF}"
EndProject
Global
	GlobalSection(SolutionConfigurationPlatforms) = preSolution
		Debug|Any CPU = Debug|Any CPU
		Release|Any CPU = Release|Any CPU
	EndGlobalSection
	GlobalSection(ProjectConfigurationPlatforms) = postSolution
		{5415DD6A-AA3F-41E8-999C-61A25C18ECDF}.Debug|Any CPU.ActiveCfg = Debug|Any CPU
		{5415DD6A-AA3F-41E8-999C-61A25C18ECDF}.Debug|Any CPU.Build.0 = Debug|Any CPU
		{5415DD6A-AA3F-41E8-999C-61A25C18ECDF}.Release|Any CPU.ActiveCfg = Release|Any CPU
		{5415DD6A-AA3F-41E8-999C-61A25C18ECDF}.Release|Any CPU.Build.0 = Release|Any CPU
	EndGlobalSection
	GlobalSection(SolutionProperties) = preSolution
		HideSolutionNode = FALSE
	EndGlobalSection
	GlobalSection(ExtensibilityGlobals) = postSolution
		SolutionGuid = {C6890063-9CC0-4DC8-8F7F-A4817D45C04F}
	EndGlobalSection
EndGlobal
